// !$*UTF8*$!
{
	archiveVersion = 1;
	classes = {
	};
	objectVersion = 46;
	objects = {

/* Begin PBXBuildFile section */
		5A0F434E18075BA200EEEBD9 /* NSData+Base64.m in Sources */ = {isa = PBXBuildFile; fileRef = 5A0F434D18075BA200EEEBD9 /* NSData+Base64.m */; };
		5A0F435118075BC800EEEBD9 /* NSString+RESTClient.m in Sources */ = {isa = PBXBuildFile; fileRef = 5A0F434F18075BC800EEEBD9 /* NSString+RESTClient.m */; };
		5A0F435218075BC800EEEBD9 /* NSURL+RESTClient.m in Sources */ = {isa = PBXBuildFile; fileRef = 5A0F435018075BC800EEEBD9 /* NSURL+RESTClient.m */; };
		5A0F435618075BF200EEEBD9 /* NSURLRequest+RESTClient.m in Sources */ = {isa = PBXBuildFile; fileRef = 5A0F435418075BF200EEEBD9 /* NSURLRequest+RESTClient.m */; };
		5A0F435818075C5E00EEEBD9 /* SyncRESTClient.m in Sources */ = {isa = PBXBuildFile; fileRef = 5A0F435718075C5E00EEEBD9 /* SyncRESTClient.m */; };
		5A0F435A18075C7200EEEBD9 /* AsyncRESTClient.m in Sources */ = {isa = PBXBuildFile; fileRef = 5A0F435918075C7200EEEBD9 /* AsyncRESTClient.m */; };
		E417AD02179E2AD800E1193D /* LICENSE in Resources */ = {isa = PBXBuildFile; fileRef = E417AD00179E2AD800E1193D /* LICENSE */; };
		E417AD03179E2AD800E1193D /* README.md in Resources */ = {isa = PBXBuildFile; fileRef = E417AD01179E2AD800E1193D /* README.md */; };
		E41F390F179DCA3E00F443DE /* Foundation.framework in Frameworks */ = {isa = PBXBuildFile; fileRef = E41F390E179DCA3E00F443DE /* Foundation.framework */; };
		E41F391D179DCA3E00F443DE /* XCTest.framework in Frameworks */ = {isa = PBXBuildFile; fileRef = E41F391C179DCA3E00F443DE /* XCTest.framework */; };
		E41F391E179DCA3E00F443DE /* Foundation.framework in Frameworks */ = {isa = PBXBuildFile; fileRef = E41F390E179DCA3E00F443DE /* Foundation.framework */; };
		E41F3923179DCA3E00F443DE /* libRESTClient.a in Frameworks */ = {isa = PBXBuildFile; fileRef = E41F390B179DCA3E00F443DE /* libRESTClient.a */; };
		E41F3929179DCA3E00F443DE /* InfoPlist.strings in Resources */ = {isa = PBXBuildFile; fileRef = E41F3927179DCA3E00F443DE /* InfoPlist.strings */; };
		E41F392B179DCA3E00F443DE /* RESTClientTests.m in Sources */ = {isa = PBXBuildFile; fileRef = E41F392A179DCA3E00F443DE /* RESTClientTests.m */; };
		E497C908179E690D004767F8 /* NSStringUtilityTests.m in Sources */ = {isa = PBXBuildFile; fileRef = E497C907179E690D004767F8 /* NSStringUtilityTests.m */; };
		E4F29372179F418E00595C97 /* NSUrlRequestTest.m in Sources */ = {isa = PBXBuildFile; fileRef = E4F29371179F418E00595C97 /* NSUrlRequestTest.m */; };
		E4FE7B0217B9792F00086A63 /* testPVT.m in Sources */ = {isa = PBXBuildFile; fileRef = E4FE7B0117B9792F00086A63 /* testPVT.m */; };
		F3A4D2FE1880E8C80074861D /* NSString+RESTClient.m in Sources */ = {isa = PBXBuildFile; fileRef = 5A0F434F18075BC800EEEBD9 /* NSString+RESTClient.m */; };
		F3A4D2FF1880E8CB0074861D /* NSURL+RESTClient.m in Sources */ = {isa = PBXBuildFile; fileRef = 5A0F435018075BC800EEEBD9 /* NSURL+RESTClient.m */; };
		F3A4D3001880E8CE0074861D /* NSData+Base64.m in Sources */ = {isa = PBXBuildFile; fileRef = 5A0F434D18075BA200EEEBD9 /* NSData+Base64.m */; };
		F3A4D3011880E8D30074861D /* AsyncRESTClient.m in Sources */ = {isa = PBXBuildFile; fileRef = 5A0F435918075C7200EEEBD9 /* AsyncRESTClient.m */; };
		F3A4D3021880E8D60074861D /* SyncRESTClient.m in Sources */ = {isa = PBXBuildFile; fileRef = 5A0F435718075C5E00EEEBD9 /* SyncRESTClient.m */; };
		F3A4D3031880E8DA0074861D /* NSURLRequest+RESTClient.m in Sources */ = {isa = PBXBuildFile; fileRef = 5A0F435418075BF200EEEBD9 /* NSURLRequest+RESTClient.m */; };
/* End PBXBuildFile section */

/* Begin PBXContainerItemProxy section */
		E41F3921179DCA3E00F443DE /* PBXContainerItemProxy */ = {
			isa = PBXContainerItemProxy;
			containerPortal = E41F3903179DCA3E00F443DE /* Project object */;
			proxyType = 1;
			remoteGlobalIDString = E41F390A179DCA3E00F443DE;
			remoteInfo = RESTClient;
		};
/* End PBXContainerItemProxy section */

/* Begin PBXCopyFilesBuildPhase section */
		E41F3909179DCA3E00F443DE /* CopyFiles */ = {
			isa = PBXCopyFilesBuildPhase;
			buildActionMask = 2147483647;
			dstPath = "include/$(PRODUCT_NAME)";
			dstSubfolderSpec = 16;
			files = (
			);
			runOnlyForDeploymentPostprocessing = 0;
		};
/* End PBXCopyFilesBuildPhase section */

/* Begin PBXFileReference section */
		5A0F434618075B8200EEEBD9 /* AsyncRESTClient.h */ = {isa = PBXFileReference; fileEncoding = 4; lastKnownFileType = sourcecode.c.h; path = AsyncRESTClient.h; sourceTree = "<group>"; };
		5A0F434718075B8200EEEBD9 /* NSData+Base64.h */ = {isa = PBXFileReference; fileEncoding = 4; lastKnownFileType = sourcecode.c.h; path = "NSData+Base64.h"; sourceTree = "<group>"; };
		5A0F434818075B8200EEEBD9 /* NSString+RESTClient.h */ = {isa = PBXFileReference; fileEncoding = 4; lastKnownFileType = sourcecode.c.h; path = "NSString+RESTClient.h"; sourceTree = "<group>"; };
		5A0F434918075B8200EEEBD9 /* NSURL+RESTClient.h */ = {isa = PBXFileReference; fileEncoding = 4; lastKnownFileType = sourcecode.c.h; path = "NSURL+RESTClient.h"; sourceTree = "<group>"; };
		5A0F434A18075B8200EEEBD9 /* NSURLRequest+RESTClient.h */ = {isa = PBXFileReference; fileEncoding = 4; lastKnownFileType = sourcecode.c.h; path = "NSURLRequest+RESTClient.h"; sourceTree = "<group>"; };
		5A0F434B18075B8200EEEBD9 /* RESTClient.h */ = {isa = PBXFileReference; fileEncoding = 4; lastKnownFileType = sourcecode.c.h; path = RESTClient.h; sourceTree = "<group>"; };
		5A0F434C18075B8200EEEBD9 /* SyncRESTClient.h */ = {isa = PBXFileReference; fileEncoding = 4; lastKnownFileType = sourcecode.c.h; path = SyncRESTClient.h; sourceTree = "<group>"; };
		5A0F434D18075BA200EEEBD9 /* NSData+Base64.m */ = {isa = PBXFileReference; fileEncoding = 4; lastKnownFileType = sourcecode.c.objc; path = "NSData+Base64.m"; sourceTree = "<group>"; };
		5A0F434F18075BC800EEEBD9 /* NSString+RESTClient.m */ = {isa = PBXFileReference; fileEncoding = 4; lastKnownFileType = sourcecode.c.objc; path = "NSString+RESTClient.m"; sourceTree = "<group>"; };
		5A0F435018075BC800EEEBD9 /* NSURL+RESTClient.m */ = {isa = PBXFileReference; fileEncoding = 4; lastKnownFileType = sourcecode.c.objc; path = "NSURL+RESTClient.m"; sourceTree = "<group>"; };
		5A0F435418075BF200EEEBD9 /* NSURLRequest+RESTClient.m */ = {isa = PBXFileReference; fileEncoding = 4; lastKnownFileType = sourcecode.c.objc; path = "NSURLRequest+RESTClient.m"; sourceTree = "<group>"; };
		5A0F435718075C5E00EEEBD9 /* SyncRESTClient.m */ = {isa = PBXFileReference; fileEncoding = 4; lastKnownFileType = sourcecode.c.objc; path = SyncRESTClient.m; sourceTree = "<group>"; };
		5A0F435918075C7200EEEBD9 /* AsyncRESTClient.m */ = {isa = PBXFileReference; fileEncoding = 4; lastKnownFileType = sourcecode.c.objc; path = AsyncRESTClient.m; sourceTree = "<group>"; };
		E417AD00179E2AD800E1193D /* LICENSE */ = {isa = PBXFileReference; fileEncoding = 4; lastKnownFileType = text; path = LICENSE; sourceTree = "<group>"; };
		E417AD01179E2AD800E1193D /* README.md */ = {isa = PBXFileReference; fileEncoding = 4; lastKnownFileType = text; path = README.md; sourceTree = "<group>"; };
		E41F390B179DCA3E00F443DE /* libRESTClient.a */ = {isa = PBXFileReference; explicitFileType = archive.ar; includeInIndex = 0; path = libRESTClient.a; sourceTree = BUILT_PRODUCTS_DIR; };
		E41F390E179DCA3E00F443DE /* Foundation.framework */ = {isa = PBXFileReference; lastKnownFileType = wrapper.framework; name = Foundation.framework; path = System/Library/Frameworks/Foundation.framework; sourceTree = SDKROOT; };
		E41F3912179DCA3E00F443DE /* RESTClient-Prefix.pch */ = {isa = PBXFileReference; lastKnownFileType = sourcecode.c.h; path = "RESTClient-Prefix.pch"; sourceTree = "<group>"; };
		E41F391B179DCA3E00F443DE /* RESTClientTests.xctest */ = {isa = PBXFileReference; explicitFileType = wrapper.cfbundle; includeInIndex = 0; path = RESTClientTests.xctest; sourceTree = BUILT_PRODUCTS_DIR; };
		E41F391C179DCA3E00F443DE /* XCTest.framework */ = {isa = PBXFileReference; lastKnownFileType = wrapper.framework; name = XCTest.framework; path = Library/Frameworks/XCTest.framework; sourceTree = DEVELOPER_DIR; };
		E41F3926179DCA3E00F443DE /* RESTClientTests-Info.plist */ = {isa = PBXFileReference; lastKnownFileType = text.plist.xml; path = "RESTClientTests-Info.plist"; sourceTree = "<group>"; };
		E41F3928179DCA3E00F443DE /* en */ = {isa = PBXFileReference; lastKnownFileType = text.plist.strings; name = en; path = en.lproj/InfoPlist.strings; sourceTree = "<group>"; };
		E41F392A179DCA3E00F443DE /* RESTClientTests.m */ = {isa = PBXFileReference; lastKnownFileType = sourcecode.c.objc; path = RESTClientTests.m; sourceTree = "<group>"; };
		E497C907179E690D004767F8 /* NSStringUtilityTests.m */ = {isa = PBXFileReference; fileEncoding = 4; lastKnownFileType = sourcecode.c.objc; path = NSStringUtilityTests.m; sourceTree = "<group>"; };
		E4F29371179F418E00595C97 /* NSUrlRequestTest.m */ = {isa = PBXFileReference; fileEncoding = 4; lastKnownFileType = sourcecode.c.objc; path = NSUrlRequestTest.m; sourceTree = "<group>"; };
		E4FE7B0117B9792F00086A63 /* testPVT.m */ = {isa = PBXFileReference; fileEncoding = 4; lastKnownFileType = sourcecode.c.objc; path = testPVT.m; sourceTree = "<group>"; };
/* End PBXFileReference section */

/* Begin PBXFrameworksBuildPhase section */
		E41F3908179DCA3E00F443DE /* Frameworks */ = {
			isa = PBXFrameworksBuildPhase;
			buildActionMask = 2147483647;
			files = (
				E41F390F179DCA3E00F443DE /* Foundation.framework in Frameworks */,
			);
			runOnlyForDeploymentPostprocessing = 0;
		};
		E41F3918179DCA3E00F443DE /* Frameworks */ = {
			isa = PBXFrameworksBuildPhase;
			buildActionMask = 2147483647;
			files = (
				E41F391D179DCA3E00F443DE /* XCTest.framework in Frameworks */,
				E41F3923179DCA3E00F443DE /* libRESTClient.a in Frameworks */,
				E41F391E179DCA3E00F443DE /* Foundation.framework in Frameworks */,
			);
			runOnlyForDeploymentPostprocessing = 0;
		};
/* End PBXFrameworksBuildPhase section */

/* Begin PBXGroup section */
		5A0F434518075B5400EEEBD9 /* Code */ = {
			isa = PBXGroup;
			children = (
				5A0F434B18075B8200EEEBD9 /* RESTClient.h */,
				5A0F434618075B8200EEEBD9 /* AsyncRESTClient.h */,
				5A0F435918075C7200EEEBD9 /* AsyncRESTClient.m */,
				5A0F434C18075B8200EEEBD9 /* SyncRESTClient.h */,
				5A0F435718075C5E00EEEBD9 /* SyncRESTClient.m */,
				5A0F434A18075B8200EEEBD9 /* NSURLRequest+RESTClient.h */,
				5A0F435418075BF200EEEBD9 /* NSURLRequest+RESTClient.m */,
				5A0F434818075B8200EEEBD9 /* NSString+RESTClient.h */,
				5A0F434F18075BC800EEEBD9 /* NSString+RESTClient.m */,
				5A0F434918075B8200EEEBD9 /* NSURL+RESTClient.h */,
				5A0F435018075BC800EEEBD9 /* NSURL+RESTClient.m */,
				5A0F434718075B8200EEEBD9 /* NSData+Base64.h */,
				5A0F434D18075BA200EEEBD9 /* NSData+Base64.m */,
			);
			path = Code;
			sourceTree = "<group>";
		};
		E41F3902179DCA3E00F443DE = {
			isa = PBXGroup;
			children = (
				5A0F434518075B5400EEEBD9 /* Code */,
				E417AD00179E2AD800E1193D /* LICENSE */,
				E417AD01179E2AD800E1193D /* README.md */,
				E41F3910179DCA3E00F443DE /* RESTClient */,
				E41F3924179DCA3E00F443DE /* RESTClientTests */,
				E41F390D179DCA3E00F443DE /* Frameworks */,
				E41F390C179DCA3E00F443DE /* Products */,
			);
			sourceTree = "<group>";
		};
		E41F390C179DCA3E00F443DE /* Products */ = {
			isa = PBXGroup;
			children = (
				E41F390B179DCA3E00F443DE /* libRESTClient.a */,
				E41F391B179DCA3E00F443DE /* RESTClientTests.xctest */,
			);
			name = Products;
			sourceTree = "<group>";
		};
		E41F390D179DCA3E00F443DE /* Frameworks */ = {
			isa = PBXGroup;
			children = (
				E41F390E179DCA3E00F443DE /* Foundation.framework */,
				E41F391C179DCA3E00F443DE /* XCTest.framework */,
			);
			name = Frameworks;
			sourceTree = "<group>";
		};
		E41F3910179DCA3E00F443DE /* RESTClient */ = {
			isa = PBXGroup;
			children = (
				E41F3911179DCA3E00F443DE /* Supporting Files */,
			);
			path = RESTClient;
			sourceTree = "<group>";
		};
		E41F3911179DCA3E00F443DE /* Supporting Files */ = {
			isa = PBXGroup;
			children = (
				E41F3912179DCA3E00F443DE /* RESTClient-Prefix.pch */,
			);
			name = "Supporting Files";
			sourceTree = "<group>";
		};
		E41F3924179DCA3E00F443DE /* RESTClientTests */ = {
			isa = PBXGroup;
			children = (
				E497C907179E690D004767F8 /* NSStringUtilityTests.m */,
				E41F392A179DCA3E00F443DE /* RESTClientTests.m */,
				E4F29371179F418E00595C97 /* NSUrlRequestTest.m */,
				E41F3925179DCA3E00F443DE /* Supporting Files */,
				E4FE7B0117B9792F00086A63 /* testPVT.m */,
			);
			path = RESTClientTests;
			sourceTree = "<group>";
		};
		E41F3925179DCA3E00F443DE /* Supporting Files */ = {
			isa = PBXGroup;
			children = (
				E41F3926179DCA3E00F443DE /* RESTClientTests-Info.plist */,
				E41F3927179DCA3E00F443DE /* InfoPlist.strings */,
			);
			name = "Supporting Files";
			sourceTree = "<group>";
		};
/* End PBXGroup section */

/* Begin PBXNativeTarget section */
		E41F390A179DCA3E00F443DE /* RESTClient */ = {
			isa = PBXNativeTarget;
			buildConfigurationList = E41F392E179DCA3E00F443DE /* Build configuration list for PBXNativeTarget "RESTClient" */;
			buildPhases = (
				E41F3907179DCA3E00F443DE /* Sources */,
				E41F3908179DCA3E00F443DE /* Frameworks */,
				E41F3909179DCA3E00F443DE /* CopyFiles */,
			);
			buildRules = (
			);
			dependencies = (
			);
			name = RESTClient;
			productName = RESTClient;
			productReference = E41F390B179DCA3E00F443DE /* libRESTClient.a */;
			productType = "com.apple.product-type.library.static";
		};
		E41F391A179DCA3E00F443DE /* RESTClientTests */ = {
			isa = PBXNativeTarget;
			buildConfigurationList = E41F3931179DCA3E00F443DE /* Build configuration list for PBXNativeTarget "RESTClientTests" */;
			buildPhases = (
				E41F3917179DCA3E00F443DE /* Sources */,
				E41F3918179DCA3E00F443DE /* Frameworks */,
				E41F3919179DCA3E00F443DE /* Resources */,
			);
			buildRules = (
			);
			dependencies = (
				E41F3922179DCA3E00F443DE /* PBXTargetDependency */,
			);
			name = RESTClientTests;
			productName = RESTClientTests;
			productReference = E41F391B179DCA3E00F443DE /* RESTClientTests.xctest */;
			productType = "com.apple.product-type.bundle.unit-test";
		};
/* End PBXNativeTarget section */

/* Begin PBXProject section */
		E41F3903179DCA3E00F443DE /* Project object */ = {
			isa = PBXProject;
			attributes = {
				LastUpgradeCheck = 0500;
				ORGANIZATIONNAME = "RAJESH JAIN";
			};
			buildConfigurationList = E41F3906179DCA3E00F443DE /* Build configuration list for PBXProject "RESTClient" */;
			compatibilityVersion = "Xcode 3.2";
			developmentRegion = English;
			hasScannedForEncodings = 0;
			knownRegions = (
				en,
			);
			mainGroup = E41F3902179DCA3E00F443DE;
			productRefGroup = E41F390C179DCA3E00F443DE /* Products */;
			projectDirPath = "";
			projectRoot = "";
			targets = (
				E41F390A179DCA3E00F443DE /* RESTClient */,
				E41F391A179DCA3E00F443DE /* RESTClientTests */,
			);
		};
/* End PBXProject section */

/* Begin PBXResourcesBuildPhase section */
		E41F3919179DCA3E00F443DE /* Resources */ = {
			isa = PBXResourcesBuildPhase;
			buildActionMask = 2147483647;
			files = (
				E417AD02179E2AD800E1193D /* LICENSE in Resources */,
				E417AD03179E2AD800E1193D /* README.md in Resources */,
				E41F3929179DCA3E00F443DE /* InfoPlist.strings in Resources */,
			);
			runOnlyForDeploymentPostprocessing = 0;
		};
/* End PBXResourcesBuildPhase section */

/* Begin PBXSourcesBuildPhase section */
		E41F3907179DCA3E00F443DE /* Sources */ = {
			isa = PBXSourcesBuildPhase;
			buildActionMask = 2147483647;
			files = (
				5A0F435618075BF200EEEBD9 /* NSURLRequest+RESTClient.m in Sources */,
				5A0F435218075BC800EEEBD9 /* NSURL+RESTClient.m in Sources */,
				5A0F434E18075BA200EEEBD9 /* NSData+Base64.m in Sources */,
				5A0F435118075BC800EEEBD9 /* NSString+RESTClient.m in Sources */,
				5A0F435818075C5E00EEEBD9 /* SyncRESTClient.m in Sources */,
				5A0F435A18075C7200EEEBD9 /* AsyncRESTClient.m in Sources */,
			);
			runOnlyForDeploymentPostprocessing = 0;
		};
		E41F3917179DCA3E00F443DE /* Sources */ = {
			isa = PBXSourcesBuildPhase;
			buildActionMask = 2147483647;
			files = (
				E497C908179E690D004767F8 /* NSStringUtilityTests.m in Sources */,
				F3A4D3031880E8DA0074861D /* NSURLRequest+RESTClient.m in Sources */,
				F3A4D2FF1880E8CB0074861D /* NSURL+RESTClient.m in Sources */,
				E41F392B179DCA3E00F443DE /* RESTClientTests.m in Sources */,
				F3A4D3001880E8CE0074861D /* NSData+Base64.m in Sources */,
				E4F29372179F418E00595C97 /* NSUrlRequestTest.m in Sources */,
				F3A4D2FE1880E8C80074861D /* NSString+RESTClient.m in Sources */,
				E4FE7B0217B9792F00086A63 /* testPVT.m in Sources */,
				F3A4D3011880E8D30074861D /* AsyncRESTClient.m in Sources */,
				F3A4D3021880E8D60074861D /* SyncRESTClient.m in Sources */,
			);
			runOnlyForDeploymentPostprocessing = 0;
		};
/* End PBXSourcesBuildPhase section */

/* Begin PBXTargetDependency section */
		E41F3922179DCA3E00F443DE /* PBXTargetDependency */ = {
			isa = PBXTargetDependency;
			target = E41F390A179DCA3E00F443DE /* RESTClient */;
			targetProxy = E41F3921179DCA3E00F443DE /* PBXContainerItemProxy */;
		};
/* End PBXTargetDependency section */

/* Begin PBXVariantGroup section */
		E41F3927179DCA3E00F443DE /* InfoPlist.strings */ = {
			isa = PBXVariantGroup;
			children = (
				E41F3928179DCA3E00F443DE /* en */,
			);
			name = InfoPlist.strings;
			sourceTree = "<group>";
		};
/* End PBXVariantGroup section */

/* Begin XCBuildConfiguration section */
		E41F392C179DCA3E00F443DE /* Debug */ = {
			isa = XCBuildConfiguration;
			buildSettings = {
				ALWAYS_SEARCH_USER_PATHS = NO;
				CLANG_CXX_LANGUAGE_STANDARD = "gnu++0x";
				CLANG_CXX_LIBRARY = "libc++";
				CLANG_ENABLE_MODULES = YES;
				CLANG_ENABLE_OBJC_ARC = YES;
				CLANG_WARN_BOOL_CONVERSION = YES;
				CLANG_WARN_CONSTANT_CONVERSION = YES;
				CLANG_WARN_DIRECT_OBJC_ISA_USAGE = YES_ERROR;
				CLANG_WARN_EMPTY_BODY = YES;
				CLANG_WARN_ENUM_CONVERSION = YES;
				CLANG_WARN_INT_CONVERSION = YES;
				CLANG_WARN_OBJC_ROOT_CLASS = YES_ERROR;
				CLANG_WARN__DUPLICATE_METHOD_MATCH = YES;
				COPY_PHASE_STRIP = NO;
				GCC_C_LANGUAGE_STANDARD = gnu99;
				GCC_DYNAMIC_NO_PIC = NO;
				GCC_OPTIMIZATION_LEVEL = 0;
				GCC_PREPROCESSOR_DEFINITIONS = (
					"DEBUG=1",
					"$(inherited)",
				);
				GCC_SYMBOLS_PRIVATE_EXTERN = NO;
				GCC_WARN_ABOUT_RETURN_TYPE = YES_ERROR;
				GCC_WARN_UNDECLARED_SELECTOR = YES;
				GCC_WARN_UNINITIALIZED_AUTOS = YES;
				GCC_WARN_UNUSED_FUNCTION = YES;
				GCC_WARN_UNUSED_VARIABLE = YES;
				IPHONEOS_DEPLOYMENT_TARGET = 5.0;
				ONLY_ACTIVE_ARCH = YES;
				SDKROOT = iphoneos;
			};
			name = Debug;
		};
		E41F392D179DCA3E00F443DE /* Release */ = {
			isa = XCBuildConfiguration;
			buildSettings = {
				ALWAYS_SEARCH_USER_PATHS = NO;
				CLANG_CXX_LANGUAGE_STANDARD = "gnu++0x";
				CLANG_CXX_LIBRARY = "libc++";
				CLANG_ENABLE_MODULES = YES;
				CLANG_ENABLE_OBJC_ARC = YES;
				CLANG_WARN_BOOL_CONVERSION = YES;
				CLANG_WARN_CONSTANT_CONVERSION = YES;
				CLANG_WARN_DIRECT_OBJC_ISA_USAGE = YES_ERROR;
				CLANG_WARN_EMPTY_BODY = YES;
				CLANG_WARN_ENUM_CONVERSION = YES;
				CLANG_WARN_INT_CONVERSION = YES;
				CLANG_WARN_OBJC_ROOT_CLASS = YES_ERROR;
				CLANG_WARN__DUPLICATE_METHOD_MATCH = YES;
				COPY_PHASE_STRIP = YES;
				ENABLE_NS_ASSERTIONS = NO;
				GCC_C_LANGUAGE_STANDARD = gnu99;
				GCC_WARN_ABOUT_RETURN_TYPE = YES_ERROR;
				GCC_WARN_UNDECLARED_SELECTOR = YES;
				GCC_WARN_UNINITIALIZED_AUTOS = YES;
				GCC_WARN_UNUSED_FUNCTION = YES;
				GCC_WARN_UNUSED_VARIABLE = YES;
				IPHONEOS_DEPLOYMENT_TARGET = 5.0;
				SDKROOT = iphoneos;
				VALIDATE_PRODUCT = YES;
			};
			name = Release;
		};
		E41F392F179DCA3E00F443DE /* Debug */ = {
			isa = XCBuildConfiguration;
			buildSettings = {
				CODE_SIGN_IDENTITY = "iPhone Developer";
				DSTROOT = /tmp/RESTClient.dst;
				GCC_PRECOMPILE_PREFIX_HEADER = YES;
				GCC_PREFIX_HEADER = "RESTClient/RESTClient-Prefix.pch";
				OTHER_LDFLAGS = (
					"-ObjC",
					"-all_load",
				);
				PRODUCT_NAME = "$(TARGET_NAME)";
				SKIP_INSTALL = YES;
				TARGETED_DEVICE_FAMILY = "1,2";
			};
			name = Debug;
		};
		E41F3930179DCA3E00F443DE /* Release */ = {
			isa = XCBuildConfiguration;
			buildSettings = {
				CODE_SIGN_IDENTITY = "iPhone Developer";
				DSTROOT = /tmp/RESTClient.dst;
				GCC_PRECOMPILE_PREFIX_HEADER = YES;
				GCC_PREFIX_HEADER = "RESTClient/RESTClient-Prefix.pch";
				OTHER_LDFLAGS = (
					"-ObjC",
					"-all_load",
				);
				PRODUCT_NAME = "$(TARGET_NAME)";
				SKIP_INSTALL = YES;
				TARGETED_DEVICE_FAMILY = "1,2";
			};
			name = Release;
		};
		E41F3932179DCA3E00F443DE /* Debug */ = {
			isa = XCBuildConfiguration;
			buildSettings = {
				FRAMEWORK_SEARCH_PATHS = (
					"$(SDKROOT)/Developer/Library/Frameworks",
					"$(inherited)",
					"$(SYSTEM_APPS_DIR)/Xcode5-DP3.app/Contents/Developer/Library/Frameworks",
				);
				GCC_PRECOMPILE_PREFIX_HEADER = YES;
				GCC_PREFIX_HEADER = "RESTClient/RESTClient-Prefix.pch";
				GCC_PREPROCESSOR_DEFINITIONS = (
					"DEBUG=1",
					"$(inherited)",
				);
				INFOPLIST_FILE = "RESTClientTests/RESTClientTests-Info.plist";
				PRODUCT_NAME = "$(TARGET_NAME)";
				WRAPPER_EXTENSION = xctest;
			};
			name = Debug;
		};
		E41F3933179DCA3E00F443DE /* Release */ = {
			isa = XCBuildConfiguration;
			buildSettings = {
				FRAMEWORK_SEARCH_PATHS = (
					"$(SDKROOT)/Developer/Library/Frameworks",
					"$(inherited)",
					"$(SYSTEM_APPS_DIR)/Xcode5-DP3.app/Contents/Developer/Library/Frameworks",
				);
				GCC_PRECOMPILE_PREFIX_HEADER = YES;
				GCC_PREFIX_HEADER = "RESTClient/RESTClient-Prefix.pch";
				INFOPLIST_FILE = "RESTClientTests/RESTClientTests-Info.plist";
				PRODUCT_NAME = "$(TARGET_NAME)";
				WRAPPER_EXTENSION = xctest;
			};
			name = Release;
		};
/* End XCBuildConfiguration section */

/* Begin XCConfigurationList section */
		E41F3906179DCA3E00F443DE /* Build configuration list for PBXProject "RESTClient" */ = {
			isa = XCConfigurationList;
			buildConfigurations = (
				E41F392C179DCA3E00F443DE /* Debug */,
				E41F392D179DCA3E00F443DE /* Release */,
			);
			defaultConfigurationIsVisible = 0;
			defaultConfigurationName = Release;
		};
		E41F392E179DCA3E00F443DE /* Build configuration list for PBXNativeTarget "RESTClient" */ = {
			isa = XCConfigurationList;
			buildConfigurations = (
				E41F392F179DCA3E00F443DE /* Debug */,
				E41F3930179DCA3E00F443DE /* Release */,
			);
			defaultConfigurationIsVisible = 0;
			defaultConfigurationName = Release;
		};
		E41F3931179DCA3E00F443DE /* Build configuration list for PBXNativeTarget "RESTClientTests" */ = {
			isa = XCConfigurationList;
			buildConfigurations = (
				E41F3932179DCA3E00F443DE /* Debug */,
				E41F3933179DCA3E00F443DE /* Release */,
			);
			defaultConfigurationIsVisible = 0;
			defaultConfigurationName = Release;
		};
/* End XCConfigurationList section */
	};
	rootObject = E41F3903179DCA3E00F443DE /* Project object */;
}
